hash: 531341f588ad00ecdf9cef7eba2e1e719a36d7604b81822e91fdd9fcec3b43c7
updated: 2019-09-16T16:29:56.595964012+02:00
imports:
- name: cloud.google.com/go
  version: 3b1ae45394a234c385be014e9a488f2bb6eef821
  subpackages:
  - compute/metadata
  - internal
- name: github.com/beorn7/perks
  version: 37c8de3658fcb183f997c4e13e8337516ab753e6
  subpackages:
  - quantile
- name: github.com/davecgh/go-spew
  version: 782f4967f2dc4564575ca782fe2d04090b5faca8
  subpackages:
  - spew
- name: github.com/ghodss/yaml
  version: 73d445a93680fa1a78ae23a5839bad48f32ba1ee
- name: github.com/go-logr/logr
  version: a1ebd699b1950beb1da0752cbb5559662018f798
- name: github.com/go-logr/zapr
  version: 2e515ec1daf7eefda8c24da3185e3967b306f957
- name: github.com/gogo/protobuf
  version: 8a5ed79f688836cf007ca23aefe0299791e7bea5
  subpackages:
  - proto
  - sortkeys
- name: github.com/golang/glog
  version: 44145f04b68cf362d9c4df2182967c2275eaefed
- name: github.com/golang/groupcache
  version: 02826c3e79038b59d737d3b1c0a1d937f71a4433
  subpackages:
  - lru
- name: github.com/golang/protobuf
  version: b4deda0973fb4c70b50d226b1af49f3da59f5265
  subpackages:
  - proto
  - ptypes
  - ptypes/any
  - ptypes/duration
  - ptypes/timestamp
- name: github.com/google/btree
  version: 7d79101e329e5a3adf994758c578dab82b90c017
- name: github.com/google/gofuzz
  version: 44d81051d367757e1c7c6a5a86423ece9afcf63c
- name: github.com/google/uuid
  version: 0cd6bf5da1e1c83f8b45653022c74f71af0538a4
- name: github.com/googleapis/gnostic
  version: 0c5108395e2debce0d731cf0287ddf7242066aba
  subpackages:
  - OpenAPIv2
  - compiler
  - extensions
- name: github.com/gregjones/httpcache
  version: 787624de3eb7bd915c329cba748687a3b22666a6
  subpackages:
  - diskcache
- name: github.com/hashicorp/golang-lru
  version: a0d98a5f288019575c6d1f4bb1573fef2d1fcdc4
  subpackages:
  - simplelru
- name: github.com/imdario/mergo
  version: 9316a62528ac99aaecb4e47eadd6dc8aa6533d58
- name: github.com/json-iterator/go
  version: f2b4162afba35581b6d4a50d3b8f34e33c144682
- name: github.com/mattbaird/jsonpatch
  version: 81af80346b1a01caae0cbc27fd3c1ba5b11e189f
- name: github.com/matttproud/golang_protobuf_extensions
  version: c182affec369e30f25d3eb8cd8a478dee585ae7d
  subpackages:
  - pbutil
- name: github.com/modern-go/concurrent
  version: bacd9c7ef1dd9b15be4a9909b8ac7a4e313eec94
- name: github.com/modern-go/reflect2
  version: 05fbef0ca5da472bbf96c9322b84a53edc03c9fd
- name: github.com/openshift/api
  version: 8741ff068a473be041d7bafb4502c12e4f10aab5
  subpackages:
  - apps
  - apps/v1
  - authorization
  - authorization/v1
  - build
  - build/v1
  - config
  - config/v1
  - image
  - image/docker10
  - image/dockerpre012
  - image/v1
  - network
  - network/v1
  - oauth
  - oauth/v1
  - operator
  - operator/v1alpha1
  - pkg/serialization
  - project
  - project/v1
  - quota
  - quota/v1
  - route
  - route/v1
  - security
  - security/v1
  - servicecertsigner
  - servicecertsigner/v1alpha1
  - template
  - template/v1
  - user
  - user/v1
  - webconsole
  - webconsole/v1
- name: github.com/openshift/client-go
  version: 431ec9a26e5021f35fa41ee9a89842db9bfdb370
  subpackages:
  - route/clientset/versioned/scheme
  - route/clientset/versioned/typed/route/v1
- name: github.com/operator-framework/operator-sdk
  version: 15244d60ef7e328531a4f150a05b1fdabf9cc1ae
  subpackages:
  - version
- name: github.com/pborman/uuid
  version: ca53cad383cad2479bbba7f7a1a05797ec1386e4
- name: github.com/peterbourgon/diskv
  version: 5f041e8faa004a95c88a202771f4cc3e991971e6
- name: github.com/prometheus/client_golang
  version: 20428fa0bffcb4ee7a7941545ae0df9acdc9d8a7
  subpackages:
  - prometheus
  - prometheus/internal
  - prometheus/promhttp
- name: github.com/prometheus/client_model
  version: 14fe0d1b01d4d5fc031dd4bec1823bd3ebbe8016
  subpackages:
  - go
- name: github.com/prometheus/common
  version: 287d3e634a1e550c9e463dd7e5a75a422c614505
  subpackages:
  - expfmt
  - internal/bitbucket.org/ww/goautoneg
  - model
- name: github.com/prometheus/procfs
  version: 499c85531f756d1129edd26485a5f73871eeb308
  subpackages:
  - internal/fs
  - internal/util
- name: github.com/spf13/pflag
  version: 298182f68c66c05229eb03ac171abe6e309ee79a
- name: go.uber.org/atomic
  version: df976f2515e274675050de7b3f42545de80594fd
- name: go.uber.org/multierr
  version: 3c4937480c32f4c13a875a1829af76c98ca3d40a
- name: go.uber.org/zap
  version: 425214515ff452748375576b20c82524849177c6
  subpackages:
  - buffer
  - internal/bufferpool
  - internal/color
  - internal/exit
  - zapcore
- name: golang.org/x/crypto
  version: de0752318171da717af4ce24d0a2e8626afaeb11
  subpackages:
  - ssh/terminal
- name: golang.org/x/net
  version: 1c05540f6879653db88113bc4a2b70aec4bd491f
  subpackages:
  - context
  - context/ctxhttp
  - http2
  - http2/hpack
  - idna
  - lex/httplex
- name: golang.org/x/oauth2
  version: a6bd8cefa1811bd24b86f8902872e4e8225f74c4
  subpackages:
  - google
  - internal
  - jws
  - jwt
- name: golang.org/x/sys
  version: 95c6576299259db960f6c5b9b69ea52422860fce
  subpackages:
  - unix
  - windows
- name: golang.org/x/text
  version: b19bf474d317b857955b12035d2c5acb57ce8b01
  subpackages:
  - secure/bidirule
  - transform
  - unicode/bidi
  - unicode/norm
- name: golang.org/x/time
  version: f51c12702a4d776e4c1fa9b0fabab841babae631
  subpackages:
  - rate
- name: golang.org/x/tools
  version: aa82965741a9fecd12b026fbb3d3c6ed3231b8f8
- name: google.golang.org/appengine
  version: 5f2a59506353b8d5ba8cbbcd9f3c1f41f1eaf079
  subpackages:
  - internal
  - internal/app_identity
  - internal/base
  - internal/datastore
  - internal/log
  - internal/modules
  - internal/remote_api
  - internal/urlfetch
  - urlfetch
- name: gopkg.in/inf.v0
  version: 3887ee99ecf07df5b447e9b00d9c0b2adaa9f3e4
- name: gopkg.in/yaml.v2
  version: 51d6538a90f86fe93ac480b35f37b2be17fef232
- name: k8s.io/api
  version: 59223ed9f6ce07d8f147df1f0342cfbfb9fb2814
  subpackages:
  - admission/v1beta1
  - admissionregistration/v1alpha1
  - admissionregistration/v1beta1
  - apps/v1
  - apps/v1beta1
  - apps/v1beta2
  - authentication/v1
  - authentication/v1beta1
  - authorization/v1
  - authorization/v1beta1
  - autoscaling/v1
  - autoscaling/v2beta1
  - autoscaling/v2beta2
  - batch/v1
  - batch/v1beta1
  - batch/v2alpha1
  - certificates/v1beta1
  - coordination/v1beta1
  - core/v1
  - events/v1beta1
  - extensions/v1beta1
  - networking/v1
  - policy/v1beta1
  - rbac/v1
  - rbac/v1alpha1
  - rbac/v1beta1
  - scheduling/v1alpha1
  - scheduling/v1beta1
  - settings/v1alpha1
  - storage/v1
  - storage/v1alpha1
  - storage/v1beta1
- name: k8s.io/apimachinery
  version: 01f179d85dbce0f2e0e4351a92394b38694b7cae
  subpackages:
  - pkg/api/errors
  - pkg/api/meta
  - pkg/api/resource
  - pkg/apis/meta/internalversion
  - pkg/apis/meta/v1
  - pkg/apis/meta/v1/unstructured
  - pkg/apis/meta/v1beta1
  - pkg/conversion
  - pkg/conversion/queryparams
  - pkg/fields
  - pkg/labels
  - pkg/runtime
  - pkg/runtime/schema
  - pkg/runtime/serializer
  - pkg/runtime/serializer/json
  - pkg/runtime/serializer/protobuf
  - pkg/runtime/serializer/recognizer
  - pkg/runtime/serializer/streaming
  - pkg/runtime/serializer/versioning
  - pkg/selection
  - pkg/types
  - pkg/util/cache
  - pkg/util/clock
  - pkg/util/diff
  - pkg/util/errors
  - pkg/util/framer
  - pkg/util/intstr
  - pkg/util/json
  - pkg/util/mergepatch
  - pkg/util/naming
  - pkg/util/net
  - pkg/util/runtime
  - pkg/util/sets
  - pkg/util/strategicpatch
  - pkg/util/uuid
  - pkg/util/validation
  - pkg/util/validation/field
  - pkg/util/wait
  - pkg/util/yaml
  - pkg/version
  - pkg/watch
  - third_party/forked/golang/json
  - third_party/forked/golang/reflect
- name: k8s.io/client-go
  version: 1638f8970cefaa404ff3a62950f88b08292b2696
  subpackages:
  - discovery
  - discovery/fake
  - dynamic
  - kubernetes
  - kubernetes/scheme
  - kubernetes/typed/admissionregistration/v1alpha1
  - kubernetes/typed/admissionregistration/v1beta1
  - kubernetes/typed/apps/v1
  - kubernetes/typed/apps/v1beta1
  - kubernetes/typed/apps/v1beta2
  - kubernetes/typed/authentication/v1
  - kubernetes/typed/authentication/v1beta1
  - kubernetes/typed/authorization/v1
  - kubernetes/typed/authorization/v1beta1
  - kubernetes/typed/autoscaling/v1
  - kubernetes/typed/autoscaling/v2beta1
  - kubernetes/typed/autoscaling/v2beta2
  - kubernetes/typed/batch/v1
  - kubernetes/typed/batch/v1beta1
  - kubernetes/typed/batch/v2alpha1
  - kubernetes/typed/certificates/v1beta1
  - kubernetes/typed/coordination/v1beta1
  - kubernetes/typed/core/v1
  - kubernetes/typed/events/v1beta1
  - kubernetes/typed/extensions/v1beta1
  - kubernetes/typed/networking/v1
  - kubernetes/typed/policy/v1beta1
  - kubernetes/typed/rbac/v1
  - kubernetes/typed/rbac/v1alpha1
  - kubernetes/typed/rbac/v1beta1
  - kubernetes/typed/scheduling/v1alpha1
  - kubernetes/typed/scheduling/v1beta1
  - kubernetes/typed/settings/v1alpha1
  - kubernetes/typed/storage/v1
  - kubernetes/typed/storage/v1alpha1
  - kubernetes/typed/storage/v1beta1
  - pkg/apis/clientauthentication
  - pkg/apis/clientauthentication/v1alpha1
  - pkg/apis/clientauthentication/v1beta1
  - pkg/version
  - plugin/pkg/client/auth/exec
  - plugin/pkg/client/auth/gcp
  - rest
  - rest/watch
  - restmapper
  - testing
  - third_party/forked/golang/template
  - tools/auth
  - tools/cache
  - tools/clientcmd
  - tools/clientcmd/api
  - tools/clientcmd/api/latest
  - tools/clientcmd/api/v1
  - tools/leaderelection
  - tools/leaderelection/resourcelock
  - tools/metrics
  - tools/pager
  - tools/record
  - tools/reference
  - transport
  - util/buffer
  - util/cert
  - util/connrotation
  - util/flowcontrol
  - util/homedir
  - util/integer
  - util/jsonpath
  - util/retry
  - util/workqueue
- name: k8s.io/code-generator
  version: b1289fc74931d4b6b04bd1a259acfc88a2cb0a66
- name: k8s.io/gengo
  version: ebc107f98eab922ef99d645781b87caca01f4f48
- name: k8s.io/klog
  version: d39ecebdf3ba33f74b18becf8792d14bfb60576f
- name: k8s.io/kube-openapi
  version: 0cf8f7e6ed1d2e3d47d02e3b6e559369af24d803
  subpackages:
  - pkg/util/proto
- name: sigs.k8s.io/controller-runtime
  version: f6f0bc9611363b43664d08fb097ab13243ef621d
  subpackages:
  - pkg/cache
  - pkg/cache/internal
  - pkg/client
  - pkg/client/apiutil
  - pkg/client/config
  - pkg/client/fake
  - pkg/controller
  - pkg/controller/controllerutil
  - pkg/event
  - pkg/handler
  - pkg/internal/controller
  - pkg/internal/controller/metrics
  - pkg/internal/recorder
  - pkg/leaderelection
  - pkg/manager
  - pkg/metrics
  - pkg/patch
  - pkg/predicate
  - pkg/reconcile
  - pkg/recorder
  - pkg/runtime/inject
  - pkg/runtime/log
  - pkg/runtime/signals
  - pkg/source
  - pkg/source/internal
  - pkg/webhook/admission
  - pkg/webhook/admission/types
  - pkg/webhook/internal/metrics
  - pkg/webhook/types
- name: k8s.io/kube-aggregator
  version: bc5f57b075c2797d4fe53cf4f749cd6e266d6525
  subpackages:
  - pkg/apis/apiregistration
  - pkg/apis/apiregistration/v1
  - pkg/apis/apiregistration/v1beta1
  - pkg/client/clientset_generated/clientset/scheme

testImports: []
