hash: 3b2dbec7d6ce88f26e7d0a8ad47900d16f18e1fd722bf67d6bb0b48db6831143
updated: 2019-11-08T16:07:25.24879363+01:00
imports:
- name: cloud.google.com/go
  version: 3b1ae45394a234c385be014e9a488f2bb6eef821
  subpackages:
  - compute/metadata
  - internal
- name: github.com/beorn7/perks
  version: 3ac7bf7a47d159a033b107610db8a1b6575507a4
  subpackages:
  - quantile
- name: github.com/BurntSushi/toml
  version: 3012a1dbe2e4bd1391d42b32f0577cb7bbc7f005
- name: github.com/davecgh/go-spew
  version: 782f4967f2dc4564575ca782fe2d04090b5faca8
  subpackages:
  - spew
- name: github.com/evanphx/json-patch
  version: 5858425f75500d40c52783dce87d085a483ce135
- name: github.com/go-logr/logr
  version: 9fb12b3b21c5415d16ac18dc5cd42c1cfdd40c4e
- name: github.com/go-logr/zapr
  version: 8f2487342d52a33a1793e50e3ca04bc1767aa65c
- name: github.com/gogo/protobuf
  version: 342cbe0a04158f6dcb03ca0079991a51a4248c02
  subpackages:
  - proto
  - sortkeys
- name: github.com/golang/groupcache
  version: 02826c3e79038b59d737d3b1c0a1d937f71a4433
  subpackages:
  - lru
- name: github.com/golang/protobuf
  version: 6c65a5562fc06764971b7c5d05c76c75e84bdbf7
  subpackages:
  - proto
  - ptypes
  - ptypes/any
  - ptypes/duration
  - ptypes/timestamp
- name: github.com/google/gofuzz
  version: 24818f796faf91cd76ec7bddd72458fbced7a6c1
- name: github.com/google/uuid
  version: 0cd6bf5da1e1c83f8b45653022c74f71af0538a4
- name: github.com/googleapis/gnostic
  version: 0c5108395e2debce0d731cf0287ddf7242066aba
  subpackages:
  - OpenAPIv2
  - compiler
  - extensions
- name: github.com/hashicorp/golang-lru
  version: 20f1fb78b0740ba8c3cb143a61e86ba5c8669768
  subpackages:
  - simplelru
- name: github.com/imdario/mergo
  version: 9316a62528ac99aaecb4e47eadd6dc8aa6533d58
- name: github.com/json-iterator/go
  version: ab8a2e0c74be9d3be70b3184d9acc634935ded82
- name: github.com/matttproud/golang_protobuf_extensions
  version: c12348ce28de40eed0136aa2b644d0ee0650e56c
  subpackages:
  - pbutil
- name: github.com/modern-go/concurrent
  version: bacd9c7ef1dd9b15be4a9909b8ac7a4e313eec94
- name: github.com/modern-go/reflect2
  version: 94122c33edd36123c84d5368cfb2b69df93a0ec8
- name: github.com/openshift/api
  version: d4a64ec2cbd86f11ea74dfdcf6520d5833d0c6cd
  subpackages:
  - apps
  - apps/v1
  - authorization
  - authorization/v1
  - build
  - build/v1
  - config
  - config/v1
  - image
  - image/docker10
  - image/dockerpre012
  - image/v1
  - kubecontrolplane
  - kubecontrolplane/v1
  - legacyconfig/v1
  - network
  - network/v1
  - oauth
  - oauth/v1
  - openshiftcontrolplane
  - openshiftcontrolplane/v1
  - operator
  - operator/v1
  - operator/v1alpha1
  - osin
  - osin/v1
  - pkg/serialization
  - project
  - project/v1
  - quota
  - quota/v1
  - route
  - route/v1
  - security
  - security/v1
  - servicecertsigner
  - servicecertsigner/v1alpha1
  - template
  - template/v1
  - user
  - user/v1
  - webconsole
  - webconsole/v1
- name: github.com/openshift/client-go
  version: 5a5508328169b8a6992ea4ef711add89ddce3c6d
  subpackages:
  - route/clientset/versioned/scheme
  - route/clientset/versioned/typed/route/v1
- name: github.com/operator-framework/operator-sdk
  version: 39c65c36159a9c249e5f3c178205cc6e86c16f8d
  subpackages:
  - version
- name: github.com/pborman/uuid
  version: ca53cad383cad2479bbba7f7a1a05797ec1386e4
- name: github.com/prometheus/client_golang
  version: 170205fb58decfd011f1550d4cfb737230d7ae4f
  subpackages:
  - prometheus
  - prometheus/internal
  - prometheus/promhttp
- name: github.com/prometheus/client_model
  version: fa8ad6fec33561be4280a8f0514318c79d7f6cb6
  subpackages:
  - go
- name: github.com/prometheus/common
  version: cfeb6f9992ffa54aaa4f2170ade4067ee478b250
  subpackages:
  - expfmt
  - internal/bitbucket.org/ww/goautoneg
  - model
- name: github.com/prometheus/procfs
  version: 499c85531f756d1129edd26485a5f73871eeb308
  subpackages:
  - internal/fs
  - internal/util
- name: github.com/spf13/pflag
  version: 2e9d26c8c37aae03e3f9d4e90b7116f5accb7cab
- name: go.uber.org/atomic
  version: 9dc4df04d0d1c39369750a9f6c32c39560672089
- name: go.uber.org/multierr
  version: 824d08f79702fe5f54aca8400aa0d754318786e7
- name: go.uber.org/tools
  version: 2cfd321de3ee5d5f8a5fda2521d1703478334d98
  subpackages:
  - update-license
- name: go.uber.org/zap
  version: 27376062155ad36be76b0f12cf1572a221d3a48c
  subpackages:
  - buffer
  - internal/bufferpool
  - internal/color
  - internal/exit
  - zapcore
- name: golang.org/x/crypto
  version: de0752318171da717af4ce24d0a2e8626afaeb11
  subpackages:
  - ssh/terminal
- name: golang.org/x/lint
  version: d0100b6bd8b389f0385611eb39152c4d7c3a7905
  subpackages:
  - golint
- name: golang.org/x/net
  version: 65e2d4e15006aab9813ff8769e768bbf4bb667a0
  subpackages:
  - context
  - context/ctxhttp
  - http/httpguts
  - http2
  - http2/hpack
  - idna
- name: golang.org/x/oauth2
  version: a6bd8cefa1811bd24b86f8902872e4e8225f74c4
  subpackages:
  - google
  - internal
  - jws
  - jwt
- name: golang.org/x/sys
  version: 95c6576299259db960f6c5b9b69ea52422860fce
  subpackages:
  - unix
  - windows
- name: golang.org/x/text
  version: b19bf474d317b857955b12035d2c5acb57ce8b01
  subpackages:
  - secure/bidirule
  - transform
  - unicode/bidi
  - unicode/norm
- name: golang.org/x/time
  version: f51c12702a4d776e4c1fa9b0fabab841babae631
  subpackages:
  - rate
- name: golang.org/x/tools
  version: aa82965741a9fecd12b026fbb3d3c6ed3231b8f8
  subpackages:
  - go/ast/astutil
  - go/ast/inspector
  - go/buildutil
  - go/gcexportdata
  - go/internal/cgo
  - go/internal/gcimporter
  - go/internal/packagesdriver
  - go/loader
  - go/packages
  - go/types/typeutil
  - internal/fastwalk
  - internal/gopathwalk
  - internal/semver
- name: gomodules.xyz/jsonpatch
  version: e8422f09d27ee2c8cfb2c7f8089eb9eeb0764849
  subpackages:
  - v2
- name: google.golang.org/appengine
  version: 54a98f90d1c46b7731eb8fb305d2a321c30ef610
  subpackages:
  - internal
  - internal/app_identity
  - internal/base
  - internal/datastore
  - internal/log
  - internal/modules
  - internal/remote_api
  - internal/urlfetch
  - urlfetch
- name: gopkg.in/fsnotify.v1
  version: c2828203cd70a50dcccfb2761f8b1f8ceef9a8e9
- name: gopkg.in/inf.v0
  version: 3887ee99ecf07df5b447e9b00d9c0b2adaa9f3e4
- name: gopkg.in/yaml.v2
  version: f90ceb4f409096b60e2e9076b38b304b8246e5fa
- name: honnef.co/go/tools
  version: ea95bdfd59fc14c1c9afa08716e0cd013eae4e12
  subpackages:
  - arg
  - callgraph
  - callgraph/static
  - cmd/staticcheck
  - config
  - deprecated
  - functions
  - go/types/typeutil
  - internal/sharedcheck
  - lint
  - lint/lintdsl
  - lint/lintutil
  - lint/lintutil/format
  - printf
  - simple
  - ssa
  - ssa/ssautil
  - ssautil
  - staticcheck
  - staticcheck/vrp
  - stylecheck
  - unused
  - version
- name: k8s.io/api
  version: 159aefb8556bb8ed4be7631461d1558546d304db
  subpackages:
  - admission/v1beta1
  - admissionregistration/v1beta1
  - apps/v1
  - apps/v1beta1
  - apps/v1beta2
  - auditregistration/v1alpha1
  - authentication/v1
  - authentication/v1beta1
  - authorization/v1
  - authorization/v1beta1
  - autoscaling/v1
  - autoscaling/v2beta1
  - autoscaling/v2beta2
  - batch/v1
  - batch/v1beta1
  - batch/v2alpha1
  - certificates/v1beta1
  - coordination/v1
  - coordination/v1beta1
  - core/v1
  - events/v1beta1
  - extensions/v1beta1
  - imagepolicy/v1alpha1
  - networking/v1
  - networking/v1beta1
  - node/v1alpha1
  - node/v1beta1
  - policy/v1beta1
  - rbac/v1
  - rbac/v1alpha1
  - rbac/v1beta1
  - scheduling/v1
  - scheduling/v1alpha1
  - scheduling/v1beta1
  - settings/v1alpha1
  - storage/v1
  - storage/v1alpha1
  - storage/v1beta1
- name: k8s.io/apimachinery
  version: c5d2f014d689246b84637774317fa0288dd3129b
  subpackages:
  - pkg/api/errors
  - pkg/api/meta
  - pkg/api/resource
  - pkg/apis/meta/internalversion
  - pkg/apis/meta/v1
  - pkg/apis/meta/v1/unstructured
  - pkg/apis/meta/v1beta1
  - pkg/conversion
  - pkg/conversion/queryparams
  - pkg/fields
  - pkg/labels
  - pkg/runtime
  - pkg/runtime/schema
  - pkg/runtime/serializer
  - pkg/runtime/serializer/json
  - pkg/runtime/serializer/protobuf
  - pkg/runtime/serializer/recognizer
  - pkg/runtime/serializer/streaming
  - pkg/runtime/serializer/versioning
  - pkg/selection
  - pkg/types
  - pkg/util/cache
  - pkg/util/clock
  - pkg/util/diff
  - pkg/util/errors
  - pkg/util/framer
  - pkg/util/intstr
  - pkg/util/json
  - pkg/util/mergepatch
  - pkg/util/naming
  - pkg/util/net
  - pkg/util/runtime
  - pkg/util/sets
  - pkg/util/strategicpatch
  - pkg/util/uuid
  - pkg/util/validation
  - pkg/util/validation/field
  - pkg/util/wait
  - pkg/util/yaml
  - pkg/version
  - pkg/watch
  - third_party/forked/golang/json
  - third_party/forked/golang/reflect
- name: k8s.io/client-go
  version: 6ee68ca5fd8355d024d02f9db0b3b667e8357a0f
  subpackages:
  - discovery
  - discovery/fake
  - dynamic
  - kubernetes
  - kubernetes/scheme
  - kubernetes/typed/admissionregistration/v1beta1
  - kubernetes/typed/apps/v1
  - kubernetes/typed/apps/v1beta1
  - kubernetes/typed/apps/v1beta2
  - kubernetes/typed/auditregistration/v1alpha1
  - kubernetes/typed/authentication/v1
  - kubernetes/typed/authentication/v1beta1
  - kubernetes/typed/authorization/v1
  - kubernetes/typed/authorization/v1beta1
  - kubernetes/typed/autoscaling/v1
  - kubernetes/typed/autoscaling/v2beta1
  - kubernetes/typed/autoscaling/v2beta2
  - kubernetes/typed/batch/v1
  - kubernetes/typed/batch/v1beta1
  - kubernetes/typed/batch/v2alpha1
  - kubernetes/typed/certificates/v1beta1
  - kubernetes/typed/coordination/v1
  - kubernetes/typed/coordination/v1beta1
  - kubernetes/typed/core/v1
  - kubernetes/typed/events/v1beta1
  - kubernetes/typed/extensions/v1beta1
  - kubernetes/typed/networking/v1
  - kubernetes/typed/networking/v1beta1
  - kubernetes/typed/node/v1alpha1
  - kubernetes/typed/node/v1beta1
  - kubernetes/typed/policy/v1beta1
  - kubernetes/typed/rbac/v1
  - kubernetes/typed/rbac/v1alpha1
  - kubernetes/typed/rbac/v1beta1
  - kubernetes/typed/scheduling/v1
  - kubernetes/typed/scheduling/v1alpha1
  - kubernetes/typed/scheduling/v1beta1
  - kubernetes/typed/settings/v1alpha1
  - kubernetes/typed/storage/v1
  - kubernetes/typed/storage/v1alpha1
  - kubernetes/typed/storage/v1beta1
  - pkg/apis/clientauthentication
  - pkg/apis/clientauthentication/v1alpha1
  - pkg/apis/clientauthentication/v1beta1
  - pkg/version
  - plugin/pkg/client/auth/exec
  - plugin/pkg/client/auth/gcp
  - rest
  - rest/watch
  - restmapper
  - testing
  - third_party/forked/golang/template
  - tools/auth
  - tools/cache
  - tools/clientcmd
  - tools/clientcmd/api
  - tools/clientcmd/api/latest
  - tools/clientcmd/api/v1
  - tools/leaderelection
  - tools/leaderelection/resourcelock
  - tools/metrics
  - tools/pager
  - tools/record
  - tools/record/util
  - tools/reference
  - transport
  - util/cert
  - util/connrotation
  - util/flowcontrol
  - util/homedir
  - util/jsonpath
  - util/keyutil
  - util/retry
  - util/workqueue
- name: k8s.io/code-generator
  version: 50b561225d70b3eb79a1faafd3dfe7b1a62cbe73
- name: k8s.io/gengo
  version: e500ee069b5c8469a9e278b53cb41bd65404bfd9
- name: k8s.io/klog
  version: 8e90cee79f823779174776412c13478955131846
- name: k8s.io/kube-aggregator
  version: 1fa97e0b871d174462f71e465e07fce336acb836
  subpackages:
  - pkg/apis/apiregistration
  - pkg/apis/apiregistration/v1
  - pkg/apis/apiregistration/v1beta1
  - pkg/client/clientset_generated/clientset
  - pkg/client/clientset_generated/clientset/scheme
  - pkg/client/clientset_generated/clientset/typed/apiregistration/v1
  - pkg/client/clientset_generated/clientset/typed/apiregistration/v1beta1
- name: k8s.io/kube-openapi
  version: b3a7cee44a305be0a69e1b9ac03018307287e1b0
  subpackages:
  - pkg/util/proto
- name: k8s.io/utils
  version: c2654d5206da6b7b6ace12841e8f359bb89b443c
  subpackages:
  - buffer
  - integer
  - trace
- name: sigs.k8s.io/controller-runtime
  version: fc5542c693e3340f8abbe91c6345bd64c494a60c
  subpackages:
  - pkg/cache
  - pkg/cache/internal
  - pkg/client
  - pkg/client/apiutil
  - pkg/client/config
  - pkg/client/fake
  - pkg/controller
  - pkg/controller/controllerutil
  - pkg/event
  - pkg/handler
  - pkg/internal/controller
  - pkg/internal/controller/metrics
  - pkg/internal/log
  - pkg/internal/objectutil
  - pkg/internal/recorder
  - pkg/leaderelection
  - pkg/log
  - pkg/log/zap
  - pkg/manager
  - pkg/manager/signals
  - pkg/metrics
  - pkg/predicate
  - pkg/reconcile
  - pkg/recorder
  - pkg/runtime/inject
  - pkg/runtime/log
  - pkg/runtime/signals
  - pkg/source
  - pkg/source/internal
  - pkg/webhook
  - pkg/webhook/admission
  - pkg/webhook/internal/certwatcher
  - pkg/webhook/internal/metrics
- name: sigs.k8s.io/yaml
  version: fd68e9863619f6ec2fdd8625fe1f02e7c877e480
testImports: []
