{
  "requires": true,
  "lockfileVersion": 1,
  "dependencies": {
    "husky-run": {
      "version": "0.0.0",
      "resolved": "https://registry.npmjs.org/husky-run/-/husky-run-0.0.0.tgz",
      "integrity": "sha512-gYI6/jEHQ1fjqVTAAxnH+TAJ0haLYA42z1tFnn51g/pIFR9HS3WNWtgb/g230bYxGYKzsLfdSg+rQO1pBtp4fg=="
    }
  }
}
